// !$*UTF8*$!
{
	archiveVersion = 1;
	classes = {
	};
	objectVersion = 55;
	objects = {

/* Begin PBXBuildFile section */
		C93DDD812A07A48300F8BDC7 /* SpeechRecognizerApp.swift in Sources */ = {isa = PBXBuildFile; fileRef = C93DDD802A07A48300F8BDC7 /* SpeechRecognizerApp.swift */; };
		C93DDD832A07A48300F8BDC7 /* RecognizerView.swift in Sources */ = {isa = PBXBuildFile; fileRef = C93DDD822A07A48300F8BDC7 /* RecognizerView.swift */; };
		C93DDD852A07A48600F8BDC7 /* Assets.xcassets in Resources */ = {isa = PBXBuildFile; fileRef = C93DDD842A07A48600F8BDC7 /* Assets.xcassets */; };
		C93DDD882A07A48600F8BDC7 /* Preview Assets.xcassets in Resources */ = {isa = PBXBuildFile; fileRef = C93DDD872A07A48600F8BDC7 /* Preview Assets.xcassets */; };
		C93DDD922A07A48600F8BDC7 /* SpeechRecognizerTests.swift in Sources */ = {isa = PBXBuildFile; fileRef = C93DDD912A07A48600F8BDC7 /* SpeechRecognizerTests.swift */; };
		C93DDD9C2A07A48600F8BDC7 /* SpeechRecognizerUITests.swift in Sources */ = {isa = PBXBuildFile; fileRef = C93DDD9B2A07A48600F8BDC7 /* SpeechRecognizerUITests.swift */; };
		C93DDD9E2A07A48600F8BDC7 /* SpeechRecognizerUITestsLaunchTests.swift in Sources */ = {isa = PBXBuildFile; fileRef = C93DDD9D2A07A48600F8BDC7 /* SpeechRecognizerUITestsLaunchTests.swift */; };
		C93DDDAB2A07AF5600F8BDC7 /* RecognizerViewModel.swift in Sources */ = {isa = PBXBuildFile; fileRef = C93DDDAA2A07AF5600F8BDC7 /* RecognizerViewModel.swift */; };
/* End PBXBuildFile section */

/* Begin PBXContainerItemProxy section */
		C93DDD8E2A07A48600F8BDC7 /* PBXContainerItemProxy */ = {
			isa = PBXContainerItemProxy;
			containerPortal = C93DDD752A07A48300F8BDC7 /* Project object */;
			proxyType = 1;
			remoteGlobalIDString = C93DDD7C2A07A48300F8BDC7;
			remoteInfo = SpeechRecognizer;
		};
		C93DDD982A07A48600F8BDC7 /* PBXContainerItemProxy */ = {
			isa = PBXContainerItemProxy;
			containerPortal = C93DDD752A07A48300F8BDC7 /* Project object */;
			proxyType = 1;
			remoteGlobalIDString = C93DDD7C2A07A48300F8BDC7;
			remoteInfo = SpeechRecognizer;
		};
/* End PBXContainerItemProxy section */

/* Begin PBXFileReference section */
		C93DDD7D2A07A48300F8BDC7 /* SpeechRecognizer.app */ = {isa = PBXFileReference; explicitFileType = wrapper.application; includeInIndex = 0; path = SpeechRecognizer.app; sourceTree = BUILT_PRODUCTS_DIR; };
		C93DDD802A07A48300F8BDC7 /* SpeechRecognizerApp.swift */ = {isa = PBXFileReference; lastKnownFileType = sourcecode.swift; path = SpeechRecognizerApp.swift; sourceTree = "<group>"; };
		C93DDD822A07A48300F8BDC7 /* RecognizerView.swift */ = {isa = PBXFileReference; lastKnownFileType = sourcecode.swift; path = RecognizerView.swift; sourceTree = "<group>"; };
		C93DDD842A07A48600F8BDC7 /* Assets.xcassets */ = {isa = PBXFileReference; lastKnownFileType = folder.assetcatalog; path = Assets.xcassets; sourceTree = "<group>"; };
		C93DDD872A07A48600F8BDC7 /* Preview Assets.xcassets */ = {isa = PBXFileReference; lastKnownFileType = folder.assetcatalog; path = "Preview Assets.xcassets"; sourceTree = "<group>"; };
		C93DDD8D2A07A48600F8BDC7 /* SpeechRecognizerTests.xctest */ = {isa = PBXFileReference; explicitFileType = wrapper.cfbundle; includeInIndex = 0; path = SpeechRecognizerTests.xctest; sourceTree = BUILT_PRODUCTS_DIR; };
		C93DDD912A07A48600F8BDC7 /* SpeechRecognizerTests.swift */ = {isa = PBXFileReference; lastKnownFileType = sourcecode.swift; path = SpeechRecognizerTests.swift; sourceTree = "<group>"; };
		C93DDD972A07A48600F8BDC7 /* SpeechRecognizerUITests.xctest */ = {isa = PBXFileReference; explicitFileType = wrapper.cfbundle; includeInIndex = 0; path = SpeechRecognizerUITests.xctest; sourceTree = BUILT_PRODUCTS_DIR; };
		C93DDD9B2A07A48600F8BDC7 /* SpeechRecognizerUITests.swift */ = {isa = PBXFileReference; lastKnownFileType = sourcecode.swift; path = SpeechRecognizerUITests.swift; sourceTree = "<group>"; };
		C93DDD9D2A07A48600F8BDC7 /* SpeechRecognizerUITestsLaunchTests.swift */ = {isa = PBXFileReference; lastKnownFileType = sourcecode.swift; path = SpeechRecognizerUITestsLaunchTests.swift; sourceTree = "<group>"; };
		C93DDDAA2A07AF5600F8BDC7 /* RecognizerViewModel.swift */ = {isa = PBXFileReference; lastKnownFileType = sourcecode.swift; path = RecognizerViewModel.swift; sourceTree = "<group>"; };
/* End PBXFileReference section */

/* Begin PBXFrameworksBuildPhase section */
		C93DDD7A2A07A48300F8BDC7 /* Frameworks */ = {
			isa = PBXFrameworksBuildPhase;
			buildActionMask = 2147483647;
			files = (
			);
			runOnlyForDeploymentPostprocessing = 0;
		};
		C93DDD8A2A07A48600F8BDC7 /* Frameworks */ = {
			isa = PBXFrameworksBuildPhase;
			buildActionMask = 2147483647;
			files = (
			);
			runOnlyForDeploymentPostprocessing = 0;
		};
		C93DDD942A07A48600F8BDC7 /* Frameworks */ = {
			isa = PBXFrameworksBuildPhase;
			buildActionMask = 2147483647;
			files = (
			);
			runOnlyForDeploymentPostprocessing = 0;
		};
/* End PBXFrameworksBuildPhase section */

/* Begin PBXGroup section */
		C93DDD742A07A48300F8BDC7 = {
			isa = PBXGroup;
			children = (
				C93DDD7F2A07A48300F8BDC7 /* SpeechRecognizer */,
				C93DDD902A07A48600F8BDC7 /* SpeechRecognizerTests */,
				C93DDD9A2A07A48600F8BDC7 /* SpeechRecognizerUITests */,
				C93DDD7E2A07A48300F8BDC7 /* Products */,
			);
			sourceTree = "<group>";
		};
		C93DDD7E2A07A48300F8BDC7 /* Products */ = {
			isa = PBXGroup;
			children = (
				C93DDD7D2A07A48300F8BDC7 /* SpeechRecognizer.app */,
				C93DDD8D2A07A48600F8BDC7 /* SpeechRecognizerTests.xctest */,
				C93DDD972A07A48600F8BDC7 /* SpeechRecognizerUITests.xctest */,
			);
			name = Products;
			sourceTree = "<group>";
		};
		C93DDD7F2A07A48300F8BDC7 /* SpeechRecognizer */ = {
			isa = PBXGroup;
			children = (
				C93DDD802A07A48300F8BDC7 /* SpeechRecognizerApp.swift */,
				C93DDD822A07A48300F8BDC7 /* RecognizerView.swift */,
				C93DDDAA2A07AF5600F8BDC7 /* RecognizerViewModel.swift */,
				C93DDD842A07A48600F8BDC7 /* Assets.xcassets */,
				C93DDD862A07A48600F8BDC7 /* Preview Content */,
			);
			path = SpeechRecognizer;
			sourceTree = "<group>";
		};
		C93DDD862A07A48600F8BDC7 /* Preview Content */ = {
			isa = PBXGroup;
			children = (
				C93DDD872A07A48600F8BDC7 /* Preview Assets.xcassets */,
			);
			path = "Preview Content";
			sourceTree = "<group>";
		};
		C93DDD902A07A48600F8BDC7 /* SpeechRecognizerTests */ = {
			isa = PBXGroup;
			children = (
				C93DDD912A07A48600F8BDC7 /* SpeechRecognizerTests.swift */,
			);
			path = SpeechRecognizerTests;
			sourceTree = "<group>";
		};
		C93DDD9A2A07A48600F8BDC7 /* SpeechRecognizerUITests */ = {
			isa = PBXGroup;
			children = (
				C93DDD9B2A07A48600F8BDC7 /* SpeechRecognizerUITests.swift */,
				C93DDD9D2A07A48600F8BDC7 /* SpeechRecognizerUITestsLaunchTests.swift */,
			);
			path = SpeechRecognizerUITests;
			sourceTree = "<group>";
		};
/* End PBXGroup section */

/* Begin PBXNativeTarget section */
		C93DDD7C2A07A48300F8BDC7 /* SpeechRecognizer */ = {
			isa = PBXNativeTarget;
			buildConfigurationList = C93DDDA12A07A48600F8BDC7 /* Build configuration list for PBXNativeTarget "SpeechRecognizer" */;
			buildPhases = (
				C93DDD792A07A48300F8BDC7 /* Sources */,
				C93DDD7A2A07A48300F8BDC7 /* Frameworks */,
				C93DDD7B2A07A48300F8BDC7 /* Resources */,
			);
			buildRules = (
			);
			dependencies = (
			);
			name = SpeechRecognizer;
			productName = SpeechRecognizer;
			productReference = C93DDD7D2A07A48300F8BDC7 /* SpeechRecognizer.app */;
			productType = "com.apple.product-type.application";
		};
		C93DDD8C2A07A48600F8BDC7 /* SpeechRecognizerTests */ = {
			isa = PBXNativeTarget;
			buildConfigurationList = C93DDDA42A07A48600F8BDC7 /* Build configuration list for PBXNativeTarget "SpeechRecognizerTests" */;
			buildPhases = (
				C93DDD892A07A48600F8BDC7 /* Sources */,
				C93DDD8A2A07A48600F8BDC7 /* Frameworks */,
				C93DDD8B2A07A48600F8BDC7 /* Resources */,
			);
			buildRules = (
			);
			dependencies = (
				C93DDD8F2A07A48600F8BDC7 /* PBXTargetDependency */,
			);
			name = SpeechRecognizerTests;
			productName = SpeechRecognizerTests;
			productReference = C93DDD8D2A07A48600F8BDC7 /* SpeechRecognizerTests.xctest */;
			productType = "com.apple.product-type.bundle.unit-test";
		};
		C93DDD962A07A48600F8BDC7 /* SpeechRecognizerUITests */ = {
			isa = PBXNativeTarget;
			buildConfigurationList = C93DDDA72A07A48600F8BDC7 /* Build configuration list for PBXNativeTarget "SpeechRecognizerUITests" */;
			buildPhases = (
				C93DDD932A07A48600F8BDC7 /* Sources */,
				C93DDD942A07A48600F8BDC7 /* Frameworks */,
				C93DDD952A07A48600F8BDC7 /* Resources */,
			);
			buildRules = (
			);
			dependencies = (
				C93DDD992A07A48600F8BDC7 /* PBXTargetDependency */,
			);
			name = SpeechRecognizerUITests;
			productName = SpeechRecognizerUITests;
			productReference = C93DDD972A07A48600F8BDC7 /* SpeechRecognizerUITests.xctest */;
			productType = "com.apple.product-type.bundle.ui-testing";
		};
/* End PBXNativeTarget section */

/* Begin PBXProject section */
		C93DDD752A07A48300F8BDC7 /* Project object */ = {
			isa = PBXProject;
			attributes = {
				BuildIndependentTargetsInParallel = 1;
				LastSwiftUpdateCheck = 1320;
				LastUpgradeCheck = 1320;
				TargetAttributes = {
					C93DDD7C2A07A48300F8BDC7 = {
						CreatedOnToolsVersion = 13.2.1;
					};
					C93DDD8C2A07A48600F8BDC7 = {
						CreatedOnToolsVersion = 13.2.1;
						TestTargetID = C93DDD7C2A07A48300F8BDC7;
					};
					C93DDD962A07A48600F8BDC7 = {
						CreatedOnToolsVersion = 13.2.1;
						TestTargetID = C93DDD7C2A07A48300F8BDC7;
					};
				};
			};
			buildConfigurationList = C93DDD782A07A48300F8BDC7 /* Build configuration list for PBXProject "SpeechRecognizer" */;
			compatibilityVersion = "Xcode 13.0";
			developmentRegion = en;
			hasScannedForEncodings = 0;
			knownRegions = (
				en,
				Base,
			);
			mainGroup = C93DDD742A07A48300F8BDC7;
			productRefGroup = C93DDD7E2A07A48300F8BDC7 /* Products */;
			projectDirPath = "";
			projectRoot = "";
			targets = (
				C93DDD7C2A07A48300F8BDC7 /* SpeechRecognizer */,
				C93DDD8C2A07A48600F8BDC7 /* SpeechRecognizerTests */,
				C93DDD962A07A48600F8BDC7 /* SpeechRecognizerUITests */,
			);
		};
/* End PBXProject section */

/* Begin PBXResourcesBuildPhase section */
		C93DDD7B2A07A48300F8BDC7 /* Resources */ = {
			isa = PBXResourcesBuildPhase;
			buildActionMask = 2147483647;
			files = (
				C93DDD882A07A48600F8BDC7 /* Preview Assets.xcassets in Resources */,
				C93DDD852A07A48600F8BDC7 /* Assets.xcassets in Resources */,
			);
			runOnlyForDeploymentPostprocessing = 0;
		};
		C93DDD8B2A07A48600F8BDC7 /* Resources */ = {
			isa = PBXResourcesBuildPhase;
			buildActionMask = 2147483647;
			files = (
			);
			runOnlyForDeploymentPostprocessing = 0;
		};
		C93DDD952A07A48600F8BDC7 /* Resources */ = {
			isa = PBXResourcesBuildPhase;
			buildActionMask = 2147483647;
			files = (
			);
			runOnlyForDeploymentPostprocessing = 0;
		};
/* End PBXResourcesBuildPhase section */

/* Begin PBXSourcesBuildPhase section */
		C93DDD792A07A48300F8BDC7 /* Sources */ = {
			isa = PBXSourcesBuildPhase;
			buildActionMask = 2147483647;
			files = (
				C93DDD832A07A48300F8BDC7 /* RecognizerView.swift in Sources */,
				C93DDDAB2A07AF5600F8BDC7 /* RecognizerViewModel.swift in Sources */,
				C93DDD812A07A48300F8BDC7 /* SpeechRecognizerApp.swift in Sources */,
			);
			runOnlyForDeploymentPostprocessing = 0;
		};
		C93DDD892A07A48600F8BDC7 /* Sources */ = {
			isa = PBXSourcesBuildPhase;
			buildActionMask = 2147483647;
			files = (
				C93DDD922A07A48600F8BDC7 /* SpeechRecognizerTests.swift in Sources */,
			);
			runOnlyForDeploymentPostprocessing = 0;
		};
		C93DDD932A07A48600F8BDC7 /* Sources */ = {
			isa = PBXSourcesBuildPhase;
			buildActionMask = 2147483647;
			files = (
				C93DDD9E2A07A48600F8BDC7 /* SpeechRecognizerUITestsLaunchTests.swift in Sources */,
				C93DDD9C2A07A48600F8BDC7 /* SpeechRecognizerUITests.swift in Sources */,
			);
			runOnlyForDeploymentPostprocessing = 0;
		};
/* End PBXSourcesBuildPhase section */

/* Begin PBXTargetDependency section */
		C93DDD8F2A07A48600F8BDC7 /* PBXTargetDependency */ = {
			isa = PBXTargetDependency;
			target = C93DDD7C2A07A48300F8BDC7 /* SpeechRecognizer */;
			targetProxy = C93DDD8E2A07A48600F8BDC7 /* PBXContainerItemProxy */;
		};
		C93DDD992A07A48600F8BDC7 /* PBXTargetDependency */ = {
			isa = PBXTargetDependency;
			target = C93DDD7C2A07A48300F8BDC7 /* SpeechRecognizer */;
			targetProxy = C93DDD982A07A48600F8BDC7 /* PBXContainerItemProxy */;
		};
/* End PBXTargetDependency section */

/* Begin XCBuildConfiguration section */
		C93DDD9F2A07A48600F8BDC7 /* Debug */ = {
			isa = XCBuildConfiguration;
			buildSettings = {
				ALWAYS_SEARCH_USER_PATHS = NO;
				CLANG_ANALYZER_NONNULL = YES;
				CLANG_ANALYZER_NUMBER_OBJECT_CONVERSION = YES_AGGRESSIVE;
				CLANG_CXX_LANGUAGE_STANDARD = "gnu++17";
				CLANG_CXX_LIBRARY = "libc++";
				CLANG_ENABLE_MODULES = YES;
				CLANG_ENABLE_OBJC_ARC = YES;
				CLANG_ENABLE_OBJC_WEAK = YES;
				CLANG_WARN_BLOCK_CAPTURE_AUTORELEASING = YES;
				CLANG_WARN_BOOL_CONVERSION = YES;
				CLANG_WARN_COMMA = YES;
				CLANG_WARN_CONSTANT_CONVERSION = YES;
				CLANG_WARN_DEPRECATED_OBJC_IMPLEMENTATIONS = YES;
				CLANG_WARN_DIRECT_OBJC_ISA_USAGE = YES_ERROR;
				CLANG_WARN_DOCUMENTATION_COMMENTS = YES;
				CLANG_WARN_EMPTY_BODY = YES;
				CLANG_WARN_ENUM_CONVERSION = YES;
				CLANG_WARN_INFINITE_RECURSION = YES;
				CLANG_WARN_INT_CONVERSION = YES;
				CLANG_WARN_NON_LITERAL_NULL_CONVERSION = YES;
				CLANG_WARN_OBJC_IMPLICIT_RETAIN_SELF = YES;
				CLANG_WARN_OBJC_LITERAL_CONVERSION = YES;
				CLANG_WARN_OBJC_ROOT_CLASS = YES_ERROR;
				CLANG_WARN_QUOTED_INCLUDE_IN_FRAMEWORK_HEADER = YES;
				CLANG_WARN_RANGE_LOOP_ANALYSIS = YES;
				CLANG_WARN_STRICT_PROTOTYPES = YES;
				CLANG_WARN_SUSPICIOUS_MOVE = YES;
				CLANG_WARN_UNGUARDED_AVAILABILITY = YES_AGGRESSIVE;
				CLANG_WARN_UNREACHABLE_CODE = YES;
				CLANG_WARN__DUPLICATE_METHOD_MATCH = YES;
				COPY_PHASE_STRIP = NO;
				DEBUG_INFORMATION_FORMAT = dwarf;
				ENABLE_STRICT_OBJC_MSGSEND = YES;
				ENABLE_TESTABILITY = YES;
				GCC_C_LANGUAGE_STANDARD = gnu11;
				GCC_DYNAMIC_NO_PIC = NO;
				GCC_NO_COMMON_BLOCKS = YES;
				GCC_OPTIMIZATION_LEVEL = 0;
				GCC_PREPROCESSOR_DEFINITIONS = (
					"DEBUG=1",
					"$(inherited)",
				);
				GCC_WARN_64_TO_32_BIT_CONVERSION = YES;
				GCC_WARN_ABOUT_RETURN_TYPE = YES_ERROR;
				GCC_WARN_UNDECLARED_SELECTOR = YES;
				GCC_WARN_UNINITIALIZED_AUTOS = YES_AGGRESSIVE;
				GCC_WARN_UNUSED_FUNCTION = YES;
				GCC_WARN_UNUSED_VARIABLE = YES;
				IPHONEOS_DEPLOYMENT_TARGET = 15.2;
				MTL_ENABLE_DEBUG_INFO = INCLUDE_SOURCE;
				MTL_FAST_MATH = YES;
				ONLY_ACTIVE_ARCH = YES;
				SDKROOT = iphoneos;
				SWIFT_ACTIVE_COMPILATION_CONDITIONS = DEBUG;
				SWIFT_OPTIMIZATION_LEVEL = "-Onone";
			};
			name = Debug;
		};
		C93DDDA02A07A48600F8BDC7 /* Release */ = {
			isa = XCBuildConfiguration;
			buildSettings = {
				ALWAYS_SEARCH_USER_PATHS = NO;
				CLANG_ANALYZER_NONNULL = YES;
				CLANG_ANALYZER_NUMBER_OBJECT_CONVERSION = YES_AGGRESSIVE;
				CLANG_CXX_LANGUAGE_STANDARD = "gnu++17";
				CLANG_CXX_LIBRARY = "libc++";
				CLANG_ENABLE_MODULES = YES;
				CLANG_ENABLE_OBJC_ARC = YES;
				CLANG_ENABLE_OBJC_WEAK = YES;
				CLANG_WARN_BLOCK_CAPTURE_AUTORELEASING = YES;
				CLANG_WARN_BOOL_CONVERSION = YES;
				CLANG_WARN_COMMA = YES;
				CLANG_WARN_CONSTANT_CONVERSION = YES;
				CLANG_WARN_DEPRECATED_OBJC_IMPLEMENTATIONS = YES;
				CLANG_WARN_DIRECT_OBJC_ISA_USAGE = YES_ERROR;
				CLANG_WARN_DOCUMENTATION_COMMENTS = YES;
				CLANG_WARN_EMPTY_BODY = YES;
				CLANG_WARN_ENUM_CONVERSION = YES;
				CLANG_WARN_INFINITE_RECURSION = YES;
				CLANG_WARN_INT_CONVERSION = YES;
				CLANG_WARN_NON_LITERAL_NULL_CONVERSION = YES;
				CLANG_WARN_OBJC_IMPLICIT_RETAIN_SELF = YES;
				CLANG_WARN_OBJC_LITERAL_CONVERSION = YES;
				CLANG_WARN_OBJC_ROOT_CLASS = YES_ERROR;
				CLANG_WARN_QUOTED_INCLUDE_IN_FRAMEWORK_HEADER = YES;
				CLANG_WARN_RANGE_LOOP_ANALYSIS = YES;
				CLANG_WARN_STRICT_PROTOTYPES = YES;
				CLANG_WARN_SUSPICIOUS_MOVE = YES;
				CLANG_WARN_UNGUARDED_AVAILABILITY = YES_AGGRESSIVE;
				CLANG_WARN_UNREACHABLE_CODE = YES;
				CLANG_WARN__DUPLICATE_METHOD_MATCH = YES;
				COPY_PHASE_STRIP = NO;
				DEBUG_INFORMATION_FORMAT = "dwarf-with-dsym";
				ENABLE_NS_ASSERTIONS = NO;
				ENABLE_STRICT_OBJC_MSGSEND = YES;
				GCC_C_LANGUAGE_STANDARD = gnu11;
				GCC_NO_COMMON_BLOCKS = YES;
				GCC_WARN_64_TO_32_BIT_CONVERSION = YES;
				GCC_WARN_ABOUT_RETURN_TYPE = YES_ERROR;
				GCC_WARN_UNDECLARED_SELECTOR = YES;
				GCC_WARN_UNINITIALIZED_AUTOS = YES_AGGRESSIVE;
				GCC_WARN_UNUSED_FUNCTION = YES;
				GCC_WARN_UNUSED_VARIABLE = YES;
				IPHONEOS_DEPLOYMENT_TARGET = 15.2;
				MTL_ENABLE_DEBUG_INFO = NO;
				MTL_FAST_MATH = YES;
				SDKROOT = iphoneos;
				SWIFT_COMPILATION_MODE = wholemodule;
				SWIFT_OPTIMIZATION_LEVEL = "-O";
				VALIDATE_PRODUCT = YES;
			};
			name = Release;
		};
		C93DDDA22A07A48600F8BDC7 /* Debug */ = {
			isa = XCBuildConfiguration;
			buildSettings = {
				ASSETCATALOG_COMPILER_APPICON_NAME = AppIcon;
				ASSETCATALOG_COMPILER_GLOBAL_ACCENT_COLOR_NAME = AccentColor;
				CODE_SIGN_STYLE = Automatic;
				CURRENT_PROJECT_VERSION = 1;
				DEVELOPMENT_ASSET_PATHS = "\"SpeechRecognizer/Preview Content\"";
				DEVELOPMENT_TEAM = 96MNY962H4;
				ENABLE_PREVIEWS = YES;
				GENERATE_INFOPLIST_FILE = YES;
				INFOPLIST_KEY_NSMicrophoneUsageDescription = "文字起こしするためマイクにアクセスします";
				INFOPLIST_KEY_NSSpeechRecognitionUsageDescription = "文字起こしするため音声認識にアクセスします";
				INFOPLIST_KEY_UIApplicationSceneManifest_Generation = YES;
				INFOPLIST_KEY_UIApplicationSupportsIndirectInputEvents = YES;
				INFOPLIST_KEY_UILaunchScreen_Generation = YES;
				INFOPLIST_KEY_UISupportedInterfaceOrientations_iPad = "UIInterfaceOrientationPortrait UIInterfaceOrientationPortraitUpsideDown UIInterfaceOrientationLandscapeLeft UIInterfaceOrientationLandscapeRight";
				INFOPLIST_KEY_UISupportedInterfaceOrientations_iPhone = "UIInterfaceOrientationPortrait UIInterfaceOrientationLandscapeLeft UIInterfaceOrientationLandscapeRight";
				LD_RUNPATH_SEARCH_PATHS = (
					"$(inherited)",
					"@executable_path/Frameworks",
				);
				MARKETING_VERSION = 1.0;
				PRODUCT_BUNDLE_IDENTIFIER = com.SpeechRecognizer;
				PRODUCT_NAME = "$(TARGET_NAME)";
				SWIFT_EMIT_LOC_STRINGS = YES;
				SWIFT_VERSION = 5.0;
				TARGETED_DEVICE_FAMILY = "1,2";
			};
			name = Debug;
		};
		C93DDDA32A07A48600F8BDC7 /* Release */ = {
			isa = XCBuildConfiguration;
			buildSettings = {
				ASSETCATALOG_COMPILER_APPICON_NAME = AppIcon;
				ASSETCATALOG_COMPILER_GLOBAL_ACCENT_COLOR_NAME = AccentColor;
				CODE_SIGN_STYLE = Automatic;
				CURRENT_PROJECT_VERSION = 1;
				DEVELOPMENT_ASSET_PATHS = "\"SpeechRecognizer/Preview Content\"";
				DEVELOPMENT_TEAM = 96MNY962H4;
				ENABLE_PREVIEWS = YES;
				GENERATE_INFOPLIST_FILE = YES;
				INFOPLIST_KEY_NSMicrophoneUsageDescription = "文字起こしするためマイクにアクセスします";
				INFOPLIST_KEY_NSSpeechRecognitionUsageDescription = "文字起こしするため音声認識にアクセスします";
				INFOPLIST_KEY_UIApplicationSceneManifest_Generation = YES;
				INFOPLIST_KEY_UIApplicationSupportsIndirectInputEvents = YES;
				INFOPLIST_KEY_UILaunchScreen_Generation = YES;
				INFOPLIST_KEY_UISupportedInterfaceOrientations_iPad = "UIInterfaceOrientationPortrait UIInterfaceOrientationPortraitUpsideDown UIInterfaceOrientationLandscapeLeft UIInterfaceOrientationLandscapeRight";
				INFOPLIST_KEY_UISupportedInterfaceOrientations_iPhone = "UIInterfaceOrientationPortrait UIInterfaceOrientationLandscapeLeft UIInterfaceOrientationLandscapeRight";
				LD_RUNPATH_SEARCH_PATHS = (
					"$(inherited)",
					"@executable_path/Frameworks",
				);
				MARKETING_VERSION = 1.0;
				PRODUCT_BUNDLE_IDENTIFIER = com.SpeechRecognizer;
				PRODUCT_NAME = "$(TARGET_NAME)";
				SWIFT_EMIT_LOC_STRINGS = YES;
				SWIFT_VERSION = 5.0;
				TARGETED_DEVICE_FAMILY = "1,2";
			};
			name = Release;
		};
		C93DDDA52A07A48600F8BDC7 /* Debug */ = {
			isa = XCBuildConfiguration;
			buildSettings = {
				ALWAYS_EMBED_SWIFT_STANDARD_LIBRARIES = YES;
				BUNDLE_LOADER = "$(TEST_HOST)";
				CODE_SIGN_STYLE = Automatic;
				CURRENT_PROJECT_VERSION = 1;
				DEVELOPMENT_TEAM = 96MNY962H4;
				GENERATE_INFOPLIST_FILE = YES;
				IPHONEOS_DEPLOYMENT_TARGET = 15.2;
				MARKETING_VERSION = 1.0;
				PRODUCT_BUNDLE_IDENTIFIER = com.SpeechRecognizerTests;
				PRODUCT_NAME = "$(TARGET_NAME)";
				SWIFT_EMIT_LOC_STRINGS = NO;
				SWIFT_VERSION = 5.0;
				TARGETED_DEVICE_FAMILY = "1,2";
				TEST_HOST = "$(BUILT_PRODUCTS_DIR)/SpeechRecognizer.app/SpeechRecognizer";
			};
			name = Debug;
		};
		C93DDDA62A07A48600F8BDC7 /* Release */ = {
			isa = XCBuildConfiguration;
			buildSettings = {
				ALWAYS_EMBED_SWIFT_STANDARD_LIBRARIES = YES;
				BUNDLE_LOADER = "$(TEST_HOST)";
				CODE_SIGN_STYLE = Automatic;
				CURRENT_PROJECT_VERSION = 1;
				DEVELOPMENT_TEAM = 96MNY962H4;
				GENERATE_INFOPLIST_FILE = YES;
				IPHONEOS_DEPLOYMENT_TARGET = 15.2;
				MARKETING_VERSION = 1.0;
				PRODUCT_BUNDLE_IDENTIFIER = com.SpeechRecognizerTests;
				PRODUCT_NAME = "$(TARGET_NAME)";
				SWIFT_EMIT_LOC_STRINGS = NO;
				SWIFT_VERSION = 5.0;
				TARGETED_DEVICE_FAMILY = "1,2";
				TEST_HOST = "$(BUILT_PRODUCTS_DIR)/SpeechRecognizer.app/SpeechRecognizer";
			};
			name = Release;
		};
		C93DDDA82A07A48600F8BDC7 /* Debug */ = {
			isa = XCBuildConfiguration;
			buildSettings = {
				ALWAYS_EMBED_SWIFT_STANDARD_LIBRARIES = YES;
				CODE_SIGN_STYLE = Automatic;
				CURRENT_PROJECT_VERSION = 1;
				DEVELOPMENT_TEAM = 96MNY962H4;
				GENERATE_INFOPLIST_FILE = YES;
				MARKETING_VERSION = 1.0;
				PRODUCT_BUNDLE_IDENTIFIER = com.SpeechRecognizerUITests;
				PRODUCT_NAME = "$(TARGET_NAME)";
				SWIFT_EMIT_LOC_STRINGS = NO;
				SWIFT_VERSION = 5.0;
				TARGETED_DEVICE_FAMILY = "1,2";
				TEST_TARGET_NAME = SpeechRecognizer;
			};
			name = Debug;
		};
		C93DDDA92A07A48600F8BDC7 /* Release */ = {
			isa = XCBuildConfiguration;
			buildSettings = {
				ALWAYS_EMBED_SWIFT_STANDARD_LIBRARIES = YES;
				CODE_SIGN_STYLE = Automatic;
				CURRENT_PROJECT_VERSION = 1;
				DEVELOPMENT_TEAM = 96MNY962H4;
				GENERATE_INFOPLIST_FILE = YES;
				MARKETING_VERSION = 1.0;
				PRODUCT_BUNDLE_IDENTIFIER = com.SpeechRecognizerUITests;
				PRODUCT_NAME = "$(TARGET_NAME)";
				SWIFT_EMIT_LOC_STRINGS = NO;
				SWIFT_VERSION = 5.0;
				TARGETED_DEVICE_FAMILY = "1,2";
				TEST_TARGET_NAME = SpeechRecognizer;
			};
			name = Release;
		};
/* End XCBuildConfiguration section */

/* Begin XCConfigurationList section */
		C93DDD782A07A48300F8BDC7 /* Build configuration list for PBXProject "SpeechRecognizer" */ = {
			isa = XCConfigurationList;
			buildConfigurations = (
				C93DDD9F2A07A48600F8BDC7 /* Debug */,
				C93DDDA02A07A48600F8BDC7 /* Release */,
			);
			defaultConfigurationIsVisible = 0;
			defaultConfigurationName = Release;
		};
		C93DDDA12A07A48600F8BDC7 /* Build configuration list for PBXNativeTarget "SpeechRecognizer" */ = {
			isa = XCConfigurationList;
			buildConfigurations = (
				C93DDDA22A07A48600F8BDC7 /* Debug */,
				C93DDDA32A07A48600F8BDC7 /* Release */,
			);
			defaultConfigurationIsVisible = 0;
			defaultConfigurationName = Release;
		};
		C93DDDA42A07A48600F8BDC7 /* Build configuration list for PBXNativeTarget "SpeechRecognizerTests" */ = {
			isa = XCConfigurationList;
			buildConfigurations = (
				C93DDDA52A07A48600F8BDC7 /* Debug */,
				C93DDDA62A07A48600F8BDC7 /* Release */,
			);
			defaultConfigurationIsVisible = 0;
			defaultConfigurationName = Release;
		};
		C93DDDA72A07A48600F8BDC7 /* Build configuration list for PBXNativeTarget "SpeechRecognizerUITests" */ = {
			isa = XCConfigurationList;
			buildConfigurations = (
				C93DDDA82A07A48600F8BDC7 /* Debug */,
				C93DDDA92A07A48600F8BDC7 /* Release */,
			);
			defaultConfigurationIsVisible = 0;
			defaultConfigurationName = Release;
		};
/* End XCConfigurationList section */
	};
	rootObject = C93DDD752A07A48300F8BDC7 /* Project object */;
}
